
Microsoft Visual Studio Solution File, Format Version 12.00
# Visual Studio Version 16
VisualStudioVersion = 16.0.30011.22
MinimumVisualStudioVersion = 10.0.40219.1
Project("{FAE04EC0-301F-11D3-BF4B-00C04F79EFBC}") = "Calculator", "Calculator\Calculator.csproj", "{FEAAFEDF-F52A-4C75-B564-30A34617AC5B}"
EndProject
Global
	GlobalSection(SolutionConfigurationPlatforms) = preSolution
		Debug|Any CPU = Debug|Any CPU
		Release|Any CPU = Release|Any CPU
	EndGlobalSection
	GlobalSection(ProjectConfigurationPlatforms) = postSolution
		{FEAAFEDF-F52A-4C75-B564-30A34617AC5B}.Debug|Any CPU.ActiveCfg = Debug|Any CPU
		{FEAAFEDF-F52A-4C75-B564-30A34617AC5B}.Debug|Any CPU.Build.0 = Debug|Any CPU
		{FEAAFEDF-F52A-4C75-B564-30A34617AC5B}.Release|Any CPU.ActiveCfg = Release|Any CPU
		{FEAAFEDF-F52A-4C75-B564-30A34617AC5B}.Release|Any CPU.Build.0 = Release|Any CPU
	EndGlobalSection
	GlobalSection(SolutionProperties) = preSolution
		HideSolutionNode = FALSE
	EndGlobalSection
	GlobalSection(ExtensibilityGlobals) = postSolution
		SolutionGuid = {2E260DF5-69C0-41E7-9E0C-40B4AAC2D2AB}
	EndGlobalSection
EndGlobal
